
Microsoft Visual Studio Solution File, Format Version 12.00
# Visual Studio Version 16
VisualStudioVersion = 16.0.34407.143
MinimumVisualStudioVersion = 10.0.40219.1
Project("{8BC9CEB8-8B4A-11D0-8D11-00A0C91BC942}") = "подсчет уникальных эдементов в массиве", "подсчет уникальных эдементов в массиве.vcxproj", "{D6C3435F-C895-43F4-A657-63CABE73D1F2}"
EndProject
Global
	GlobalSection(SolutionConfigurationPlatforms) = preSolution
		Debug|x64 = Debug|x64
		Debug|x86 = Debug|x86
		Release|x64 = Release|x64
		Release|x86 = Release|x86
	EndGlobalSection
	GlobalSection(ProjectConfigurationPlatforms) = postSolution
		{D6C3435F-C895-43F4-A657-63CABE73D1F2}.Debug|x64.ActiveCfg = Debug|x64
		{D6C3435F-C895-43F4-A657-63CABE73D1F2}.Debug|x64.Build.0 = Debug|x64
		{D6C3435F-C895-43F4-A657-63CABE73D1F2}.Debug|x86.ActiveCfg = Debug|Win32
		{D6C3435F-C895-43F4-A657-63CABE73D1F2}.Debug|x86.Build.0 = Debug|Win32
		{D6C3435F-C895-43F4-A657-63CABE73D1F2}.Release|x64.ActiveCfg = Release|x64
		{D6C3435F-C895-43F4-A657-63CABE73D1F2}.Release|x64.Build.0 = Release|x64
		{D6C3435F-C895-43F4-A657-63CABE73D1F2}.Release|x86.ActiveCfg = Release|Win32
		{D6C3435F-C895-43F4-A657-63CABE73D1F2}.Release|x86.Build.0 = Release|Win32
	EndGlobalSection
	GlobalSection(SolutionProperties) = preSolution
		HideSolutionNode = FALSE
	EndGlobalSection
	GlobalSection(ExtensibilityGlobals) = postSolution
		SolutionGuid = {60BC0CA0-3D1F-45E3-945F-5538F1F0066C}
	EndGlobalSection
EndGlobal
